// !$*UTF8*$!
{
	archiveVersion = 1;
	classes = {
	};
	objectVersion = 51;
	objects = {

/* Begin PBXBuildFile section */
		432301DBA41DD0AA3C94FC3B /* Pods_CleanSwift.framework in Frameworks */ = {isa = PBXBuildFile; fileRef = 2EB0D20A78730249F9EFC3AC /* Pods_CleanSwift.framework */; };
		5335D2E323B024B800E3D97C /* AppDelegate.swift in Sources */ = {isa = PBXBuildFile; fileRef = 5335D2E223B024B800E3D97C /* AppDelegate.swift */; };
		5335D2E523B024B800E3D97C /* SceneDelegate.swift in Sources */ = {isa = PBXBuildFile; fileRef = 5335D2E423B024B800E3D97C /* SceneDelegate.swift */; };
		5335D2EA23B024B800E3D97C /* Main.storyboard in Resources */ = {isa = PBXBuildFile; fileRef = 5335D2E823B024B800E3D97C /* Main.storyboard */; };
		5335D2EC23B024BA00E3D97C /* Assets.xcassets in Resources */ = {isa = PBXBuildFile; fileRef = 5335D2EB23B024BA00E3D97C /* Assets.xcassets */; };
		5335D2EF23B024BA00E3D97C /* LaunchScreen.storyboard in Resources */ = {isa = PBXBuildFile; fileRef = 5335D2ED23B024BA00E3D97C /* LaunchScreen.storyboard */; };
		5335D2FA23B024BB00E3D97C /* CleanSwiftTests.swift in Sources */ = {isa = PBXBuildFile; fileRef = 5335D2F923B024BB00E3D97C /* CleanSwiftTests.swift */; };
		5335D31923B026A300E3D97C /* Result.swift in Sources */ = {isa = PBXBuildFile; fileRef = 5335D30623B026A300E3D97C /* Result.swift */; };
		5335D31A23B026A300E3D97C /* KeyedDecodingContainer+Extension.swift in Sources */ = {isa = PBXBuildFile; fileRef = 5335D30723B026A300E3D97C /* KeyedDecodingContainer+Extension.swift */; };
		5335D31B23B026A300E3D97C /* Responsable.swift in Sources */ = {isa = PBXBuildFile; fileRef = 5335D30823B026A300E3D97C /* Responsable.swift */; };
		5335D31C23B026A300E3D97C /* SearchConfig.swift in Sources */ = {isa = PBXBuildFile; fileRef = 5335D30B23B026A300E3D97C /* SearchConfig.swift */; };
		5335D31D23B026A300E3D97C /* SearchModel.swift in Sources */ = {isa = PBXBuildFile; fileRef = 5335D30D23B026A300E3D97C /* SearchModel.swift */; };
		5335D31E23B026A300E3D97C /* SearchPresentationModel.swift in Sources */ = {isa = PBXBuildFile; fileRef = 5335D30E23B026A300E3D97C /* SearchPresentationModel.swift */; };
		5335D31F23B026A300E3D97C /* SearchPresenter.swift in Sources */ = {isa = PBXBuildFile; fileRef = 5335D31023B026A300E3D97C /* SearchPresenter.swift */; };
		5335D32023B026A300E3D97C /* SearchConstants.swift in Sources */ = {isa = PBXBuildFile; fileRef = 5335D31223B026A300E3D97C /* SearchConstants.swift */; };
		5335D32123B026A300E3D97C /* SearchViewController.swift in Sources */ = {isa = PBXBuildFile; fileRef = 5335D31423B026A300E3D97C /* SearchViewController.swift */; };
		5335D32223B026A300E3D97C /* SearchTarget.swift in Sources */ = {isa = PBXBuildFile; fileRef = 5335D31623B026A300E3D97C /* SearchTarget.swift */; };
		5335D32323B026A300E3D97C /* SearchInteractor.swift in Sources */ = {isa = PBXBuildFile; fileRef = 5335D31823B026A300E3D97C /* SearchInteractor.swift */; };
		5335D32923B027C300E3D97C /* SearchInteractorStub.swift in Sources */ = {isa = PBXBuildFile; fileRef = 5335D32623B027C300E3D97C /* SearchInteractorStub.swift */; };
		5335D32A23B027C300E3D97C /* SearchResponsableMock.swift in Sources */ = {isa = PBXBuildFile; fileRef = 5335D32823B027C300E3D97C /* SearchResponsableMock.swift */; };
		5335D33323B027D200E3D97C /* SearchInteractorStubSpec.swift in Sources */ = {isa = PBXBuildFile; fileRef = 5335D32C23B027D200E3D97C /* SearchInteractorStubSpec.swift */; };
		5335D33523B027D200E3D97C /* SearchDecodableMockSpec.swift in Sources */ = {isa = PBXBuildFile; fileRef = 5335D32E23B027D200E3D97C /* SearchDecodableMockSpec.swift */; };
		5335D33623B027D200E3D97C /* SearchDecodableMockTests.swift in Sources */ = {isa = PBXBuildFile; fileRef = 5335D33023B027D200E3D97C /* SearchDecodableMockTests.swift */; };
		5335D33723B027D200E3D97C /* SearchInteractorStubTests.swift in Sources */ = {isa = PBXBuildFile; fileRef = 5335D33123B027D200E3D97C /* SearchInteractorStubTests.swift */; };
		5335D33A23B0280A00E3D97C /* SearchModuleSpec.swift in Sources */ = {isa = PBXBuildFile; fileRef = 5335D33923B0280A00E3D97C /* SearchModuleSpec.swift */; };
		5335D33C23B0283300E3D97C /* SearchModuleTests.swift in Sources */ = {isa = PBXBuildFile; fileRef = 5335D33B23B0283300E3D97C /* SearchModuleTests.swift */; };
		E4E1571793D540A2044012FE /* Pods_CleanSwiftTests.framework in Frameworks */ = {isa = PBXBuildFile; fileRef = 5100B0D8E77301915B320F3C /* Pods_CleanSwiftTests.framework */; };
/* End PBXBuildFile section */

/* Begin PBXContainerItemProxy section */
		5335D2F623B024BB00E3D97C /* PBXContainerItemProxy */ = {
			isa = PBXContainerItemProxy;
			containerPortal = 5335D2D723B024B800E3D97C /* Project object */;
			proxyType = 1;
			remoteGlobalIDString = 5335D2DE23B024B800E3D97C;
			remoteInfo = CleanSwift;
		};
/* End PBXContainerItemProxy section */

/* Begin PBXFileReference section */
		1B01BEEC2CA4D5EFBEA693F5 /* Pods-CleanSwiftTests.debug.xcconfig */ = {isa = PBXFileReference; includeInIndex = 1; lastKnownFileType = text.xcconfig; name = "Pods-CleanSwiftTests.debug.xcconfig"; path = "Target Support Files/Pods-CleanSwiftTests/Pods-CleanSwiftTests.debug.xcconfig"; sourceTree = "<group>"; };
		2EB0D20A78730249F9EFC3AC /* Pods_CleanSwift.framework */ = {isa = PBXFileReference; explicitFileType = wrapper.framework; includeInIndex = 0; path = Pods_CleanSwift.framework; sourceTree = BUILT_PRODUCTS_DIR; };
		5100B0D8E77301915B320F3C /* Pods_CleanSwiftTests.framework */ = {isa = PBXFileReference; explicitFileType = wrapper.framework; includeInIndex = 0; path = Pods_CleanSwiftTests.framework; sourceTree = BUILT_PRODUCTS_DIR; };
		5335D2DF23B024B800E3D97C /* CleanSwift.app */ = {isa = PBXFileReference; explicitFileType = wrapper.application; includeInIndex = 0; path = CleanSwift.app; sourceTree = BUILT_PRODUCTS_DIR; };
		5335D2E223B024B800E3D97C /* AppDelegate.swift */ = {isa = PBXFileReference; lastKnownFileType = sourcecode.swift; path = AppDelegate.swift; sourceTree = "<group>"; };
		5335D2E423B024B800E3D97C /* SceneDelegate.swift */ = {isa = PBXFileReference; lastKnownFileType = sourcecode.swift; path = SceneDelegate.swift; sourceTree = "<group>"; };
		5335D2E923B024B800E3D97C /* Base */ = {isa = PBXFileReference; lastKnownFileType = file.storyboard; name = Base; path = Base.lproj/Main.storyboard; sourceTree = "<group>"; };
		5335D2EB23B024BA00E3D97C /* Assets.xcassets */ = {isa = PBXFileReference; lastKnownFileType = folder.assetcatalog; path = Assets.xcassets; sourceTree = "<group>"; };
		5335D2EE23B024BA00E3D97C /* Base */ = {isa = PBXFileReference; lastKnownFileType = file.storyboard; name = Base; path = Base.lproj/LaunchScreen.storyboard; sourceTree = "<group>"; };
		5335D2F023B024BA00E3D97C /* Info.plist */ = {isa = PBXFileReference; lastKnownFileType = text.plist.xml; path = Info.plist; sourceTree = "<group>"; };
		5335D2F523B024BB00E3D97C /* CleanSwiftTests.xctest */ = {isa = PBXFileReference; explicitFileType = wrapper.cfbundle; includeInIndex = 0; path = CleanSwiftTests.xctest; sourceTree = BUILT_PRODUCTS_DIR; };
		5335D2F923B024BB00E3D97C /* CleanSwiftTests.swift */ = {isa = PBXFileReference; lastKnownFileType = sourcecode.swift; path = CleanSwiftTests.swift; sourceTree = "<group>"; };
		5335D2FB23B024BB00E3D97C /* Info.plist */ = {isa = PBXFileReference; lastKnownFileType = text.plist.xml; path = Info.plist; sourceTree = "<group>"; };
		5335D30623B026A300E3D97C /* Result.swift */ = {isa = PBXFileReference; fileEncoding = 4; lastKnownFileType = sourcecode.swift; path = Result.swift; sourceTree = "<group>"; };
		5335D30723B026A300E3D97C /* KeyedDecodingContainer+Extension.swift */ = {isa = PBXFileReference; fileEncoding = 4; lastKnownFileType = sourcecode.swift; path = "KeyedDecodingContainer+Extension.swift"; sourceTree = "<group>"; };
		5335D30823B026A300E3D97C /* Responsable.swift */ = {isa = PBXFileReference; fileEncoding = 4; lastKnownFileType = sourcecode.swift; path = Responsable.swift; sourceTree = "<group>"; };
		5335D30B23B026A300E3D97C /* SearchConfig.swift */ = {isa = PBXFileReference; fileEncoding = 4; lastKnownFileType = sourcecode.swift; path = SearchConfig.swift; sourceTree = "<group>"; };
		5335D30D23B026A300E3D97C /* SearchModel.swift */ = {isa = PBXFileReference; fileEncoding = 4; lastKnownFileType = sourcecode.swift; path = SearchModel.swift; sourceTree = "<group>"; };
		5335D30E23B026A300E3D97C /* SearchPresentationModel.swift */ = {isa = PBXFileReference; fileEncoding = 4; lastKnownFileType = sourcecode.swift; path = SearchPresentationModel.swift; sourceTree = "<group>"; };
		5335D31023B026A300E3D97C /* SearchPresenter.swift */ = {isa = PBXFileReference; fileEncoding = 4; lastKnownFileType = sourcecode.swift; path = SearchPresenter.swift; sourceTree = "<group>"; };
		5335D31223B026A300E3D97C /* SearchConstants.swift */ = {isa = PBXFileReference; fileEncoding = 4; lastKnownFileType = sourcecode.swift; path = SearchConstants.swift; sourceTree = "<group>"; };
		5335D31423B026A300E3D97C /* SearchViewController.swift */ = {isa = PBXFileReference; fileEncoding = 4; lastKnownFileType = sourcecode.swift; path = SearchViewController.swift; sourceTree = "<group>"; };
		5335D31623B026A300E3D97C /* SearchTarget.swift */ = {isa = PBXFileReference; fileEncoding = 4; lastKnownFileType = sourcecode.swift; path = SearchTarget.swift; sourceTree = "<group>"; };
		5335D31823B026A300E3D97C /* SearchInteractor.swift */ = {isa = PBXFileReference; fileEncoding = 4; lastKnownFileType = sourcecode.swift; path = SearchInteractor.swift; sourceTree = "<group>"; };
		5335D32623B027C300E3D97C /* SearchInteractorStub.swift */ = {isa = PBXFileReference; fileEncoding = 4; lastKnownFileType = sourcecode.swift; path = SearchInteractorStub.swift; sourceTree = "<group>"; };
		5335D32823B027C300E3D97C /* SearchResponsableMock.swift */ = {isa = PBXFileReference; fileEncoding = 4; lastKnownFileType = sourcecode.swift; path = SearchResponsableMock.swift; sourceTree = "<group>"; };
		5335D32C23B027D200E3D97C /* SearchInteractorStubSpec.swift */ = {isa = PBXFileReference; fileEncoding = 4; lastKnownFileType = sourcecode.swift; path = SearchInteractorStubSpec.swift; sourceTree = "<group>"; };
		5335D32E23B027D200E3D97C /* SearchDecodableMockSpec.swift */ = {isa = PBXFileReference; fileEncoding = 4; lastKnownFileType = sourcecode.swift; path = SearchDecodableMockSpec.swift; sourceTree = "<group>"; };
		5335D33023B027D200E3D97C /* SearchDecodableMockTests.swift */ = {isa = PBXFileReference; fileEncoding = 4; lastKnownFileType = sourcecode.swift; path = SearchDecodableMockTests.swift; sourceTree = "<group>"; };
		5335D33123B027D200E3D97C /* SearchInteractorStubTests.swift */ = {isa = PBXFileReference; fileEncoding = 4; lastKnownFileType = sourcecode.swift; path = SearchInteractorStubTests.swift; sourceTree = "<group>"; };
		5335D33923B0280A00E3D97C /* SearchModuleSpec.swift */ = {isa = PBXFileReference; fileEncoding = 4; lastKnownFileType = sourcecode.swift; path = SearchModuleSpec.swift; sourceTree = "<group>"; };
		5335D33B23B0283300E3D97C /* SearchModuleTests.swift */ = {isa = PBXFileReference; fileEncoding = 4; lastKnownFileType = sourcecode.swift; path = SearchModuleTests.swift; sourceTree = "<group>"; };
		68FE6C2DE50DCDFDA7534736 /* Pods-CleanSwiftTests.release.xcconfig */ = {isa = PBXFileReference; includeInIndex = 1; lastKnownFileType = text.xcconfig; name = "Pods-CleanSwiftTests.release.xcconfig"; path = "Target Support Files/Pods-CleanSwiftTests/Pods-CleanSwiftTests.release.xcconfig"; sourceTree = "<group>"; };
		F951360547BC0621A96D8021 /* Pods-CleanSwift.release.xcconfig */ = {isa = PBXFileReference; includeInIndex = 1; lastKnownFileType = text.xcconfig; name = "Pods-CleanSwift.release.xcconfig"; path = "Target Support Files/Pods-CleanSwift/Pods-CleanSwift.release.xcconfig"; sourceTree = "<group>"; };
		FB8276573BA185C4ED6EDA5E /* Pods-CleanSwift.debug.xcconfig */ = {isa = PBXFileReference; includeInIndex = 1; lastKnownFileType = text.xcconfig; name = "Pods-CleanSwift.debug.xcconfig"; path = "Target Support Files/Pods-CleanSwift/Pods-CleanSwift.debug.xcconfig"; sourceTree = "<group>"; };
/* End PBXFileReference section */

/* Begin PBXFrameworksBuildPhase section */
		5335D2DC23B024B800E3D97C /* Frameworks */ = {
			isa = PBXFrameworksBuildPhase;
			buildActionMask = 2147483647;
			files = (
				432301DBA41DD0AA3C94FC3B /* Pods_CleanSwift.framework in Frameworks */,
			);
			runOnlyForDeploymentPostprocessing = 0;
		};
		5335D2F223B024BB00E3D97C /* Frameworks */ = {
			isa = PBXFrameworksBuildPhase;
			buildActionMask = 2147483647;
			files = (
				E4E1571793D540A2044012FE /* Pods_CleanSwiftTests.framework in Frameworks */,
			);
			runOnlyForDeploymentPostprocessing = 0;
		};
/* End PBXFrameworksBuildPhase section */

/* Begin PBXGroup section */
		16397EFCC4836FFB4683057B /* Pods */ = {
			isa = PBXGroup;
			children = (
				FB8276573BA185C4ED6EDA5E /* Pods-CleanSwift.debug.xcconfig */,
				F951360547BC0621A96D8021 /* Pods-CleanSwift.release.xcconfig */,
				1B01BEEC2CA4D5EFBEA693F5 /* Pods-CleanSwiftTests.debug.xcconfig */,
				68FE6C2DE50DCDFDA7534736 /* Pods-CleanSwiftTests.release.xcconfig */,
			);
			path = Pods;
			sourceTree = "<group>";
		};
		5335D2D623B024B800E3D97C = {
			isa = PBXGroup;
			children = (
				5335D2E123B024B800E3D97C /* CleanSwift */,
				5335D2F823B024BB00E3D97C /* CleanSwiftTests */,
				5335D2E023B024B800E3D97C /* Products */,
				16397EFCC4836FFB4683057B /* Pods */,
				E0F06250BE616FC248D2B0E5 /* Frameworks */,
			);
			sourceTree = "<group>";
		};
		5335D2E023B024B800E3D97C /* Products */ = {
			isa = PBXGroup;
			children = (
				5335D2DF23B024B800E3D97C /* CleanSwift.app */,
				5335D2F523B024BB00E3D97C /* CleanSwiftTests.xctest */,
			);
			name = Products;
			sourceTree = "<group>";
		};
		5335D2E123B024B800E3D97C /* CleanSwift */ = {
			isa = PBXGroup;
			children = (
				5335D30423B026A300E3D97C /* Modules */,
				5335D2E223B024B800E3D97C /* AppDelegate.swift */,
				5335D2E423B024B800E3D97C /* SceneDelegate.swift */,
				5335D2E823B024B800E3D97C /* Main.storyboard */,
				5335D2EB23B024BA00E3D97C /* Assets.xcassets */,
				5335D2ED23B024BA00E3D97C /* LaunchScreen.storyboard */,
				5335D2F023B024BA00E3D97C /* Info.plist */,
			);
			path = CleanSwift;
			sourceTree = "<group>";
		};
		5335D2F823B024BB00E3D97C /* CleanSwiftTests */ = {
			isa = PBXGroup;
			children = (
				5335D32423B027C300E3D97C /* HelperClasses */,
				5335D32B23B027D200E3D97C /* BDD+Quick_Nimble */,
				5335D32F23B027D200E3D97C /* TDD+XCTest */,
				5335D2F923B024BB00E3D97C /* CleanSwiftTests.swift */,
				5335D2FB23B024BB00E3D97C /* Info.plist */,
			);
			path = CleanSwiftTests;
			sourceTree = "<group>";
		};
		5335D30423B026A300E3D97C /* Modules */ = {
			isa = PBXGroup;
			children = (
				5335D30523B026A300E3D97C /* Shared */,
				5335D30923B026A300E3D97C /* Search */,
			);
			path = Modules;
			sourceTree = "<group>";
		};
		5335D30523B026A300E3D97C /* Shared */ = {
			isa = PBXGroup;
			children = (
				5335D30623B026A300E3D97C /* Result.swift */,
				5335D30723B026A300E3D97C /* KeyedDecodingContainer+Extension.swift */,
				5335D30823B026A300E3D97C /* Responsable.swift */,
			);
			path = Shared;
			sourceTree = "<group>";
		};
		5335D30923B026A300E3D97C /* Search */ = {
			isa = PBXGroup;
			children = (
				5335D31523B026A300E3D97C /* NetworkLayer */,
				5335D31123B026A300E3D97C /* Constant */,
				5335D30A23B026A300E3D97C /* Config */,
				5335D30C23B026A300E3D97C /* Entity */,
				5335D30F23B026A300E3D97C /* Presenter */,
				5335D31723B026A300E3D97C /* Interactor */,
				5335D31323B026A300E3D97C /* View */,
			);
			path = Search;
			sourceTree = "<group>";
		};
		5335D30A23B026A300E3D97C /* Config */ = {
			isa = PBXGroup;
			children = (
				5335D30B23B026A300E3D97C /* SearchConfig.swift */,
			);
			path = Config;
			sourceTree = "<group>";
		};
		5335D30C23B026A300E3D97C /* Entity */ = {
			isa = PBXGroup;
			children = (
				5335D30D23B026A300E3D97C /* SearchModel.swift */,
				5335D30E23B026A300E3D97C /* SearchPresentationModel.swift */,
			);
			path = Entity;
			sourceTree = "<group>";
		};
		5335D30F23B026A300E3D97C /* Presenter */ = {
			isa = PBXGroup;
			children = (
				5335D31023B026A300E3D97C /* SearchPresenter.swift */,
			);
			path = Presenter;
			sourceTree = "<group>";
		};
		5335D31123B026A300E3D97C /* Constant */ = {
			isa = PBXGroup;
			children = (
				5335D31223B026A300E3D97C /* SearchConstants.swift */,
			);
			path = Constant;
			sourceTree = "<group>";
		};
		5335D31323B026A300E3D97C /* View */ = {
			isa = PBXGroup;
			children = (
				5335D31423B026A300E3D97C /* SearchViewController.swift */,
			);
			path = View;
			sourceTree = "<group>";
		};
		5335D31523B026A300E3D97C /* NetworkLayer */ = {
			isa = PBXGroup;
			children = (
				5335D31623B026A300E3D97C /* SearchTarget.swift */,
			);
			path = NetworkLayer;
			sourceTree = "<group>";
		};
		5335D31723B026A300E3D97C /* Interactor */ = {
			isa = PBXGroup;
			children = (
				5335D31823B026A300E3D97C /* SearchInteractor.swift */,
			);
			path = Interactor;
			sourceTree = "<group>";
		};
		5335D32423B027C300E3D97C /* HelperClasses */ = {
			isa = PBXGroup;
			children = (
				5335D32523B027C300E3D97C /* SearchInteractorStub */,
				5335D32723B027C300E3D97C /* SearchDecodableMock */,
			);
			path = HelperClasses;
			sourceTree = "<group>";
		};
		5335D32523B027C300E3D97C /* SearchInteractorStub */ = {
			isa = PBXGroup;
			children = (
				5335D32623B027C300E3D97C /* SearchInteractorStub.swift */,
			);
			path = SearchInteractorStub;
			sourceTree = "<group>";
		};
		5335D32723B027C300E3D97C /* SearchDecodableMock */ = {
			isa = PBXGroup;
			children = (
				5335D32823B027C300E3D97C /* SearchResponsableMock.swift */,
			);
			path = SearchDecodableMock;
			sourceTree = "<group>";
		};
		5335D32B23B027D200E3D97C /* BDD+Quick_Nimble */ = {
			isa = PBXGroup;
			children = (
				5335D33923B0280A00E3D97C /* SearchModuleSpec.swift */,
				5335D32C23B027D200E3D97C /* SearchInteractorStubSpec.swift */,
				5335D32E23B027D200E3D97C /* SearchDecodableMockSpec.swift */,
			);
			path = "BDD+Quick_Nimble";
			sourceTree = "<group>";
		};
		5335D32F23B027D200E3D97C /* TDD+XCTest */ = {
			isa = PBXGroup;
			children = (
				5335D33B23B0283300E3D97C /* SearchModuleTests.swift */,
				5335D33123B027D200E3D97C /* SearchInteractorStubTests.swift */,
				5335D33023B027D200E3D97C /* SearchDecodableMockTests.swift */,
			);
			path = "TDD+XCTest";
			sourceTree = "<group>";
		};
		E0F06250BE616FC248D2B0E5 /* Frameworks */ = {
			isa = PBXGroup;
			children = (
				2EB0D20A78730249F9EFC3AC /* Pods_CleanSwift.framework */,
				5100B0D8E77301915B320F3C /* Pods_CleanSwiftTests.framework */,
			);
			name = Frameworks;
			sourceTree = "<group>";
		};
/* End PBXGroup section */

/* Begin PBXNativeTarget section */
		5335D2DE23B024B800E3D97C /* CleanSwift */ = {
			isa = PBXNativeTarget;
			buildConfigurationList = 5335D2FE23B024BB00E3D97C /* Build configuration list for PBXNativeTarget "CleanSwift" */;
			buildPhases = (
				05643A9A5E9E09333A63AEE2 /* [CP] Check Pods Manifest.lock */,
				5335D2DB23B024B800E3D97C /* Sources */,
				5335D2DC23B024B800E3D97C /* Frameworks */,
				5335D2DD23B024B800E3D97C /* Resources */,
				3BAAB292DFC0AEB33EE69DAA /* [CP] Embed Pods Frameworks */,
			);
			buildRules = (
			);
			dependencies = (
			);
			name = CleanSwift;
			productName = CleanSwift;
			productReference = 5335D2DF23B024B800E3D97C /* CleanSwift.app */;
			productType = "com.apple.product-type.application";
		};
		5335D2F423B024BB00E3D97C /* CleanSwiftTests */ = {
			isa = PBXNativeTarget;
			buildConfigurationList = 5335D30123B024BB00E3D97C /* Build configuration list for PBXNativeTarget "CleanSwiftTests" */;
			buildPhases = (
				CB73EF5202441E2024E1595C /* [CP] Check Pods Manifest.lock */,
				5335D2F123B024BB00E3D97C /* Sources */,
				5335D2F223B024BB00E3D97C /* Frameworks */,
				5335D2F323B024BB00E3D97C /* Resources */,
				2EEC2017CA6DEFFED6B96629 /* [CP] Embed Pods Frameworks */,
			);
			buildRules = (
			);
			dependencies = (
				5335D2F723B024BB00E3D97C /* PBXTargetDependency */,
			);
			name = CleanSwiftTests;
			productName = CleanSwiftTests;
			productReference = 5335D2F523B024BB00E3D97C /* CleanSwiftTests.xctest */;
			productType = "com.apple.product-type.bundle.unit-test";
		};
/* End PBXNativeTarget section */

/* Begin PBXProject section */
		5335D2D723B024B800E3D97C /* Project object */ = {
			isa = PBXProject;
			attributes = {
				LastSwiftUpdateCheck = 1110;
				LastUpgradeCheck = 1110;
				ORGANIZATIONNAME = Trufla;
				TargetAttributes = {
					5335D2DE23B024B800E3D97C = {
						CreatedOnToolsVersion = 11.1;
					};
					5335D2F423B024BB00E3D97C = {
						CreatedOnToolsVersion = 11.1;
						TestTargetID = 5335D2DE23B024B800E3D97C;
					};
				};
			};
			buildConfigurationList = 5335D2DA23B024B800E3D97C /* Build configuration list for PBXProject "CleanSwift" */;
			compatibilityVersion = "Xcode 9.3";
			developmentRegion = en;
			hasScannedForEncodings = 0;
			knownRegions = (
				en,
				Base,
			);
			mainGroup = 5335D2D623B024B800E3D97C;
			productRefGroup = 5335D2E023B024B800E3D97C /* Products */;
			projectDirPath = "";
			projectRoot = "";
			targets = (
				5335D2DE23B024B800E3D97C /* CleanSwift */,
				5335D2F423B024BB00E3D97C /* CleanSwiftTests */,
			);
		};
/* End PBXProject section */

/* Begin PBXResourcesBuildPhase section */
		5335D2DD23B024B800E3D97C /* Resources */ = {
			isa = PBXResourcesBuildPhase;
			buildActionMask = 2147483647;
			files = (
				5335D2EF23B024BA00E3D97C /* LaunchScreen.storyboard in Resources */,
				5335D2EC23B024BA00E3D97C /* Assets.xcassets in Resources */,
				5335D2EA23B024B800E3D97C /* Main.storyboard in Resources */,
			);
			runOnlyForDeploymentPostprocessing = 0;
		};
		5335D2F323B024BB00E3D97C /* Resources */ = {
			isa = PBXResourcesBuildPhase;
			buildActionMask = 2147483647;
			files = (
			);
			runOnlyForDeploymentPostprocessing = 0;
		};
/* End PBXResourcesBuildPhase section */

/* Begin PBXShellScriptBuildPhase section */
		05643A9A5E9E09333A63AEE2 /* [CP] Check Pods Manifest.lock */ = {
			isa = PBXShellScriptBuildPhase;
			buildActionMask = 2147483647;
			files = (
			);
			inputFileListPaths = (
			);
			inputPaths = (
				"${PODS_PODFILE_DIR_PATH}/Podfile.lock",
				"${PODS_ROOT}/Manifest.lock",
			);
			name = "[CP] Check Pods Manifest.lock";
			outputFileListPaths = (
			);
			outputPaths = (
				"$(DERIVED_FILE_DIR)/Pods-CleanSwift-checkManifestLockResult.txt",
			);
			runOnlyForDeploymentPostprocessing = 0;
			shellPath = /bin/sh;
			shellScript = "diff \"${PODS_PODFILE_DIR_PATH}/Podfile.lock\" \"${PODS_ROOT}/Manifest.lock\" > /dev/null\nif [ $? != 0 ] ; then\n    # print error to STDERR\n    echo \"error: The sandbox is not in sync with the Podfile.lock. Run 'pod install' or update your CocoaPods installation.\" >&2\n    exit 1\nfi\n# This output is used by Xcode 'outputs' to avoid re-running this script phase.\necho \"SUCCESS\" > \"${SCRIPT_OUTPUT_FILE_0}\"\n";
			showEnvVarsInLog = 0;
		};
		2EEC2017CA6DEFFED6B96629 /* [CP] Embed Pods Frameworks */ = {
			isa = PBXShellScriptBuildPhase;
			buildActionMask = 2147483647;
			files = (
			);
			inputFileListPaths = (
				"${PODS_ROOT}/Target Support Files/Pods-CleanSwiftTests/Pods-CleanSwiftTests-frameworks-${CONFIGURATION}-input-files.xcfilelist",
			);
			name = "[CP] Embed Pods Frameworks";
			outputFileListPaths = (
				"${PODS_ROOT}/Target Support Files/Pods-CleanSwiftTests/Pods-CleanSwiftTests-frameworks-${CONFIGURATION}-output-files.xcfilelist",
			);
			runOnlyForDeploymentPostprocessing = 0;
			shellPath = /bin/sh;
			shellScript = "\"${PODS_ROOT}/Target Support Files/Pods-CleanSwiftTests/Pods-CleanSwiftTests-frameworks.sh\"\n";
			showEnvVarsInLog = 0;
		};
		3BAAB292DFC0AEB33EE69DAA /* [CP] Embed Pods Frameworks */ = {
			isa = PBXShellScriptBuildPhase;
			buildActionMask = 2147483647;
			files = (
			);
			inputFileListPaths = (
				"${PODS_ROOT}/Target Support Files/Pods-CleanSwift/Pods-CleanSwift-frameworks-${CONFIGURATION}-input-files.xcfilelist",
			);
			name = "[CP] Embed Pods Frameworks";
			outputFileListPaths = (
				"${PODS_ROOT}/Target Support Files/Pods-CleanSwift/Pods-CleanSwift-frameworks-${CONFIGURATION}-output-files.xcfilelist",
			);
			runOnlyForDeploymentPostprocessing = 0;
			shellPath = /bin/sh;
			shellScript = "\"${PODS_ROOT}/Target Support Files/Pods-CleanSwift/Pods-CleanSwift-frameworks.sh\"\n";
			showEnvVarsInLog = 0;
		};
		CB73EF5202441E2024E1595C /* [CP] Check Pods Manifest.lock */ = {
			isa = PBXShellScriptBuildPhase;
			buildActionMask = 2147483647;
			files = (
			);
			inputFileListPaths = (
			);
			inputPaths = (
				"${PODS_PODFILE_DIR_PATH}/Podfile.lock",
				"${PODS_ROOT}/Manifest.lock",
			);
			name = "[CP] Check Pods Manifest.lock";
			outputFileListPaths = (
			);
			outputPaths = (
				"$(DERIVED_FILE_DIR)/Pods-CleanSwiftTests-checkManifestLockResult.txt",
			);
			runOnlyForDeploymentPostprocessing = 0;
			shellPath = /bin/sh;
			shellScript = "diff \"${PODS_PODFILE_DIR_PATH}/Podfile.lock\" \"${PODS_ROOT}/Manifest.lock\" > /dev/null\nif [ $? != 0 ] ; then\n    # print error to STDERR\n    echo \"error: The sandbox is not in sync with the Podfile.lock. Run 'pod install' or update your CocoaPods installation.\" >&2\n    exit 1\nfi\n# This output is used by Xcode 'outputs' to avoid re-running this script phase.\necho \"SUCCESS\" > \"${SCRIPT_OUTPUT_FILE_0}\"\n";
			showEnvVarsInLog = 0;
		};
/* End PBXShellScriptBuildPhase section */

/* Begin PBXSourcesBuildPhase section */
		5335D2DB23B024B800E3D97C /* Sources */ = {
			isa = PBXSourcesBuildPhase;
			buildActionMask = 2147483647;
			files = (
				5335D31A23B026A300E3D97C /* KeyedDecodingContainer+Extension.swift in Sources */,
				5335D32023B026A300E3D97C /* SearchConstants.swift in Sources */,
				5335D31F23B026A300E3D97C /* SearchPresenter.swift in Sources */,
				5335D31B23B026A300E3D97C /* Responsable.swift in Sources */,
				5335D31D23B026A300E3D97C /* SearchModel.swift in Sources */,
				5335D32323B026A300E3D97C /* SearchInteractor.swift in Sources */,
				5335D32123B026A300E3D97C /* SearchViewController.swift in Sources */,
				5335D31C23B026A300E3D97C /* SearchConfig.swift in Sources */,
				5335D32223B026A300E3D97C /* SearchTarget.swift in Sources */,
				5335D2E323B024B800E3D97C /* AppDelegate.swift in Sources */,
				5335D31923B026A300E3D97C /* Result.swift in Sources */,
				5335D2E523B024B800E3D97C /* SceneDelegate.swift in Sources */,
				5335D31E23B026A300E3D97C /* SearchPresentationModel.swift in Sources */,
			);
			runOnlyForDeploymentPostprocessing = 0;
		};
		5335D2F123B024BB00E3D97C /* Sources */ = {
			isa = PBXSourcesBuildPhase;
			buildActionMask = 2147483647;
			files = (
				5335D33A23B0280A00E3D97C /* SearchModuleSpec.swift in Sources */,
				5335D32923B027C300E3D97C /* SearchInteractorStub.swift in Sources */,
				5335D2FA23B024BB00E3D97C /* CleanSwiftTests.swift in Sources */,
				5335D33523B027D200E3D97C /* SearchDecodableMockSpec.swift in Sources */,
				5335D33723B027D200E3D97C /* SearchInteractorStubTests.swift in Sources */,
				5335D32A23B027C300E3D97C /* SearchResponsableMock.swift in Sources */,
				5335D33C23B0283300E3D97C /* SearchModuleTests.swift in Sources */,
				5335D33623B027D200E3D97C /* SearchDecodableMockTests.swift in Sources */,
				5335D33323B027D200E3D97C /* SearchInteractorStubSpec.swift in Sources */,
			);
			runOnlyForDeploymentPostprocessing = 0;
		};
/* End PBXSourcesBuildPhase section */

/* Begin PBXTargetDependency section */
		5335D2F723B024BB00E3D97C /* PBXTargetDependency */ = {
			isa = PBXTargetDependency;
			target = 5335D2DE23B024B800E3D97C /* CleanSwift */;
			targetProxy = 5335D2F623B024BB00E3D97C /* PBXContainerItemProxy */;
		};
/* End PBXTargetDependency section */

/* Begin PBXVariantGroup section */
		5335D2E823B024B800E3D97C /* Main.storyboard */ = {
			isa = PBXVariantGroup;
			children = (
				5335D2E923B024B800E3D97C /* Base */,
			);
			name = Main.storyboard;
			sourceTree = "<group>";
		};
		5335D2ED23B024BA00E3D97C /* LaunchScreen.storyboard */ = {
			isa = PBXVariantGroup;
			children = (
				5335D2EE23B024BA00E3D97C /* Base */,
			);
			name = LaunchScreen.storyboard;
			sourceTree = "<group>";
		};
/* End PBXVariantGroup section */

/* Begin XCBuildConfiguration section */
		5335D2FC23B024BB00E3D97C /* Debug */ = {
			isa = XCBuildConfiguration;
			buildSettings = {
				ALWAYS_SEARCH_USER_PATHS = NO;
				CLANG_ANALYZER_NONNULL = YES;
				CLANG_ANALYZER_NUMBER_OBJECT_CONVERSION = YES_AGGRESSIVE;
				CLANG_CXX_LANGUAGE_STANDARD = "gnu++14";
				CLANG_CXX_LIBRARY = "libc++";
				CLANG_ENABLE_MODULES = YES;
				CLANG_ENABLE_OBJC_ARC = YES;
				CLANG_ENABLE_OBJC_WEAK = YES;
				CLANG_WARN_BLOCK_CAPTURE_AUTORELEASING = YES;
				CLANG_WARN_BOOL_CONVERSION = YES;
				CLANG_WARN_COMMA = YES;
				CLANG_WARN_CONSTANT_CONVERSION = YES;
				CLANG_WARN_DEPRECATED_OBJC_IMPLEMENTATIONS = YES;
				CLANG_WARN_DIRECT_OBJC_ISA_USAGE = YES_ERROR;
				CLANG_WARN_DOCUMENTATION_COMMENTS = YES;
				CLANG_WARN_EMPTY_BODY = YES;
				CLANG_WARN_ENUM_CONVERSION = YES;
				CLANG_WARN_INFINITE_RECURSION = YES;
				CLANG_WARN_INT_CONVERSION = YES;
				CLANG_WARN_NON_LITERAL_NULL_CONVERSION = YES;
				CLANG_WARN_OBJC_IMPLICIT_RETAIN_SELF = YES;
				CLANG_WARN_OBJC_LITERAL_CONVERSION = YES;
				CLANG_WARN_OBJC_ROOT_CLASS = YES_ERROR;
				CLANG_WARN_RANGE_LOOP_ANALYSIS = YES;
				CLANG_WARN_STRICT_PROTOTYPES = YES;
				CLANG_WARN_SUSPICIOUS_MOVE = YES;
				CLANG_WARN_UNGUARDED_AVAILABILITY = YES_AGGRESSIVE;
				CLANG_WARN_UNREACHABLE_CODE = YES;
				CLANG_WARN__DUPLICATE_METHOD_MATCH = YES;
				COPY_PHASE_STRIP = NO;
				DEBUG_INFORMATION_FORMAT = dwarf;
				ENABLE_STRICT_OBJC_MSGSEND = YES;
				ENABLE_TESTABILITY = YES;
				GCC_C_LANGUAGE_STANDARD = gnu11;
				GCC_DYNAMIC_NO_PIC = NO;
				GCC_NO_COMMON_BLOCKS = YES;
				GCC_OPTIMIZATION_LEVEL = 0;
				GCC_PREPROCESSOR_DEFINITIONS = (
					"DEBUG=1",
					"$(inherited)",
				);
				GCC_WARN_64_TO_32_BIT_CONVERSION = YES;
				GCC_WARN_ABOUT_RETURN_TYPE = YES_ERROR;
				GCC_WARN_UNDECLARED_SELECTOR = YES;
				GCC_WARN_UNINITIALIZED_AUTOS = YES_AGGRESSIVE;
				GCC_WARN_UNUSED_FUNCTION = YES;
				GCC_WARN_UNUSED_VARIABLE = YES;
				IPHONEOS_DEPLOYMENT_TARGET = 13.1;
				MTL_ENABLE_DEBUG_INFO = INCLUDE_SOURCE;
				MTL_FAST_MATH = YES;
				ONLY_ACTIVE_ARCH = YES;
				SDKROOT = iphoneos;
				SWIFT_ACTIVE_COMPILATION_CONDITIONS = DEBUG;
				SWIFT_OPTIMIZATION_LEVEL = "-Onone";
			};
			name = Debug;
		};
		5335D2FD23B024BB00E3D97C /* Release */ = {
			isa = XCBuildConfiguration;
			buildSettings = {
				ALWAYS_SEARCH_USER_PATHS = NO;
				CLANG_ANALYZER_NONNULL = YES;
				CLANG_ANALYZER_NUMBER_OBJECT_CONVERSION = YES_AGGRESSIVE;
				CLANG_CXX_LANGUAGE_STANDARD = "gnu++14";
				CLANG_CXX_LIBRARY = "libc++";
				CLANG_ENABLE_MODULES = YES;
				CLANG_ENABLE_OBJC_ARC = YES;
				CLANG_ENABLE_OBJC_WEAK = YES;
				CLANG_WARN_BLOCK_CAPTURE_AUTORELEASING = YES;
				CLANG_WARN_BOOL_CONVERSION = YES;
				CLANG_WARN_COMMA = YES;
				CLANG_WARN_CONSTANT_CONVERSION = YES;
				CLANG_WARN_DEPRECATED_OBJC_IMPLEMENTATIONS = YES;
				CLANG_WARN_DIRECT_OBJC_ISA_USAGE = YES_ERROR;
				CLANG_WARN_DOCUMENTATION_COMMENTS = YES;
				CLANG_WARN_EMPTY_BODY = YES;
				CLANG_WARN_ENUM_CONVERSION = YES;
				CLANG_WARN_INFINITE_RECURSION = YES;
				CLANG_WARN_INT_CONVERSION = YES;
				CLANG_WARN_NON_LITERAL_NULL_CONVERSION = YES;
				CLANG_WARN_OBJC_IMPLICIT_RETAIN_SELF = YES;
				CLANG_WARN_OBJC_LITERAL_CONVERSION = YES;
				CLANG_WARN_OBJC_ROOT_CLASS = YES_ERROR;
				CLANG_WARN_RANGE_LOOP_ANALYSIS = YES;
				CLANG_WARN_STRICT_PROTOTYPES = YES;
				CLANG_WARN_SUSPICIOUS_MOVE = YES;
				CLANG_WARN_UNGUARDED_AVAILABILITY = YES_AGGRESSIVE;
				CLANG_WARN_UNREACHABLE_CODE = YES;
				CLANG_WARN__DUPLICATE_METHOD_MATCH = YES;
				COPY_PHASE_STRIP = NO;
				DEBUG_INFORMATION_FORMAT = "dwarf-with-dsym";
				ENABLE_NS_ASSERTIONS = NO;
				ENABLE_STRICT_OBJC_MSGSEND = YES;
				GCC_C_LANGUAGE_STANDARD = gnu11;
				GCC_NO_COMMON_BLOCKS = YES;
				GCC_WARN_64_TO_32_BIT_CONVERSION = YES;
				GCC_WARN_ABOUT_RETURN_TYPE = YES_ERROR;
				GCC_WARN_UNDECLARED_SELECTOR = YES;
				GCC_WARN_UNINITIALIZED_AUTOS = YES_AGGRESSIVE;
				GCC_WARN_UNUSED_FUNCTION = YES;
				GCC_WARN_UNUSED_VARIABLE = YES;
				IPHONEOS_DEPLOYMENT_TARGET = 13.1;
				MTL_ENABLE_DEBUG_INFO = NO;
				MTL_FAST_MATH = YES;
				SDKROOT = iphoneos;
				SWIFT_COMPILATION_MODE = wholemodule;
				SWIFT_OPTIMIZATION_LEVEL = "-O";
				VALIDATE_PRODUCT = YES;
			};
			name = Release;
		};
		5335D2FF23B024BB00E3D97C /* Debug */ = {
			isa = XCBuildConfiguration;
			baseConfigurationReference = FB8276573BA185C4ED6EDA5E /* Pods-CleanSwift.debug.xcconfig */;
			buildSettings = {
				ASSETCATALOG_COMPILER_APPICON_NAME = AppIcon;
				CODE_SIGN_STYLE = Automatic;
				DEVELOPMENT_TEAM = 847WY8BF43;
				INFOPLIST_FILE = CleanSwift/Info.plist;
				LD_RUNPATH_SEARCH_PATHS = (
					"$(inherited)",
					"@executable_path/Frameworks",
				);
				PRODUCT_BUNDLE_IDENTIFIER = com.trufla.CleanSwift;
				PRODUCT_NAME = "$(TARGET_NAME)";
				SWIFT_VERSION = 5.0;
				TARGETED_DEVICE_FAMILY = 1;
			};
			name = Debug;
		};
		5335D30023B024BB00E3D97C /* Release */ = {
			isa = XCBuildConfiguration;
			baseConfigurationReference = F951360547BC0621A96D8021 /* Pods-CleanSwift.release.xcconfig */;
			buildSettings = {
				ASSETCATALOG_COMPILER_APPICON_NAME = AppIcon;
				CODE_SIGN_STYLE = Automatic;
				DEVELOPMENT_TEAM = 847WY8BF43;
				INFOPLIST_FILE = CleanSwift/Info.plist;
				LD_RUNPATH_SEARCH_PATHS = (
					"$(inherited)",
					"@executable_path/Frameworks",
				);
				PRODUCT_BUNDLE_IDENTIFIER = com.trufla.CleanSwift;
				PRODUCT_NAME = "$(TARGET_NAME)";
				SWIFT_VERSION = 5.0;
				TARGETED_DEVICE_FAMILY = 1;
			};
			name = Release;
		};
		5335D30223B024BB00E3D97C /* Debug */ = {
			isa = XCBuildConfiguration;
			baseConfigurationReference = 1B01BEEC2CA4D5EFBEA693F5 /* Pods-CleanSwiftTests.debug.xcconfig */;
			buildSettings = {
				ALWAYS_EMBED_SWIFT_STANDARD_LIBRARIES = YES;
				BUNDLE_LOADER = "$(TEST_HOST)";
				CODE_SIGN_STYLE = Automatic;
				DEVELOPMENT_TEAM = 847WY8BF43;
				INFOPLIST_FILE = CleanSwiftTests/Info.plist;
				IPHONEOS_DEPLOYMENT_TARGET = 13.1;
				LD_RUNPATH_SEARCH_PATHS = (
					"$(inherited)",
					"@executable_path/Frameworks",
					"@loader_path/Frameworks",
				);
				PRODUCT_BUNDLE_IDENTIFIER = com.trufla.CleanSwiftTests;
				PRODUCT_NAME = "$(TARGET_NAME)";
				SWIFT_VERSION = 5.0;
				TARGETED_DEVICE_FAMILY = "1,2";
				TEST_HOST = "$(BUILT_PRODUCTS_DIR)/CleanSwift.app/CleanSwift";
			};
			name = Debug;
		};
		5335D30323B024BB00E3D97C /* Release */ = {
			isa = XCBuildConfiguration;
			baseConfigurationReference = 68FE6C2DE50DCDFDA7534736 /* Pods-CleanSwiftTests.release.xcconfig */;
			buildSettings = {
				ALWAYS_EMBED_SWIFT_STANDARD_LIBRARIES = YES;
				BUNDLE_LOADER = "$(TEST_HOST)";
				CODE_SIGN_STYLE = Automatic;
				DEVELOPMENT_TEAM = 847WY8BF43;
				INFOPLIST_FILE = CleanSwiftTests/Info.plist;
				IPHONEOS_DEPLOYMENT_TARGET = 13.1;
				LD_RUNPATH_SEARCH_PATHS = (
					"$(inherited)",
					"@executable_path/Frameworks",
					"@loader_path/Frameworks",
				);
				PRODUCT_BUNDLE_IDENTIFIER = com.trufla.CleanSwiftTests;
				PRODUCT_NAME = "$(TARGET_NAME)";
				SWIFT_VERSION = 5.0;
				TARGETED_DEVICE_FAMILY = "1,2";
				TEST_HOST = "$(BUILT_PRODUCTS_DIR)/CleanSwift.app/CleanSwift";
			};
			name = Release;
		};
/* End XCBuildConfiguration section */

/* Begin XCConfigurationList section */
		5335D2DA23B024B800E3D97C /* Build configuration list for PBXProject "CleanSwift" */ = {
			isa = XCConfigurationList;
			buildConfigurations = (
				5335D2FC23B024BB00E3D97C /* Debug */,
				5335D2FD23B024BB00E3D97C /* Release */,
			);
			defaultConfigurationIsVisible = 0;
			defaultConfigurationName = Release;
		};
		5335D2FE23B024BB00E3D97C /* Build configuration list for PBXNativeTarget "CleanSwift" */ = {
			isa = XCConfigurationList;
			buildConfigurations = (
				5335D2FF23B024BB00E3D97C /* Debug */,
				5335D30023B024BB00E3D97C /* Release */,
			);
			defaultConfigurationIsVisible = 0;
			defaultConfigurationName = Release;
		};
		5335D30123B024BB00E3D97C /* Build configuration list for PBXNativeTarget "CleanSwiftTests" */ = {
			isa = XCConfigurationList;
			buildConfigurations = (
				5335D30223B024BB00E3D97C /* Debug */,
				5335D30323B024BB00E3D97C /* Release */,
			);
			defaultConfigurationIsVisible = 0;
			defaultConfigurationName = Release;
		};
/* End XCConfigurationList section */
	};
	rootObject = 5335D2D723B024B800E3D97C /* Project object */;
}
